
Microsoft Visual Studio Solution File, Format Version 12.00
# Visual Studio Version 17
VisualStudioVersion = 17.1.32210.238
MinimumVisualStudioVersion = 10.0.40219.1
Project("{FAE04EC0-301F-11D3-BF4B-00C04F79EFBC}") = "8.1", "8.1\8.1.csproj", "{1F9EB9DE-E708-4E98-AF29-1F6F96D4EC4D}"
EndProject
Global
	GlobalSection(SolutionConfigurationPlatforms) = preSolution
		Debug|Any CPU = Debug|Any CPU
		Release|Any CPU = Release|Any CPU
	EndGlobalSection
	GlobalSection(ProjectConfigurationPlatforms) = postSolution
		{1F9EB9DE-E708-4E98-AF29-1F6F96D4EC4D}.Debug|Any CPU.ActiveCfg = Debug|Any CPU
		{1F9EB9DE-E708-4E98-AF29-1F6F96D4EC4D}.Debug|Any CPU.Build.0 = Debug|Any CPU
		{1F9EB9DE-E708-4E98-AF29-1F6F96D4EC4D}.Release|Any CPU.ActiveCfg = Release|Any CPU
		{1F9EB9DE-E708-4E98-AF29-1F6F96D4EC4D}.Release|Any CPU.Build.0 = Release|Any CPU
	EndGlobalSection
	GlobalSection(SolutionProperties) = preSolution
		HideSolutionNode = FALSE
	EndGlobalSection
	GlobalSection(ExtensibilityGlobals) = postSolution
		SolutionGuid = {0C5946EC-7344-4174-8FE5-C8BB131A10C8}
	EndGlobalSection
EndGlobal
