
Microsoft Visual Studio Solution File, Format Version 12.00
# Visual Studio Version 17
VisualStudioVersion = 17.1.32210.238
MinimumVisualStudioVersion = 10.0.40219.1
Project("{FAE04EC0-301F-11D3-BF4B-00C04F79EFBC}") = "ControlTest", "ControlTest\ControlTest.csproj", "{0308751A-0B1E-4EFC-A87F-C757CF48ACE5}"
EndProject
Project("{FAE04EC0-301F-11D3-BF4B-00C04F79EFBC}") = "BubbleSortTest", "BubbleSortTest\BubbleSortTest.csproj", "{F0EE7101-821F-4207-A983-63701CA8C5B7}"
EndProject
Global
	GlobalSection(SolutionConfigurationPlatforms) = preSolution
		Debug|Any CPU = Debug|Any CPU
		Release|Any CPU = Release|Any CPU
	EndGlobalSection
	GlobalSection(ProjectConfigurationPlatforms) = postSolution
		{0308751A-0B1E-4EFC-A87F-C757CF48ACE5}.Debug|Any CPU.ActiveCfg = Debug|Any CPU
		{0308751A-0B1E-4EFC-A87F-C757CF48ACE5}.Debug|Any CPU.Build.0 = Debug|Any CPU
		{0308751A-0B1E-4EFC-A87F-C757CF48ACE5}.Release|Any CPU.ActiveCfg = Release|Any CPU
		{0308751A-0B1E-4EFC-A87F-C757CF48ACE5}.Release|Any CPU.Build.0 = Release|Any CPU
		{F0EE7101-821F-4207-A983-63701CA8C5B7}.Debug|Any CPU.ActiveCfg = Debug|Any CPU
		{F0EE7101-821F-4207-A983-63701CA8C5B7}.Debug|Any CPU.Build.0 = Debug|Any CPU
		{F0EE7101-821F-4207-A983-63701CA8C5B7}.Release|Any CPU.ActiveCfg = Release|Any CPU
		{F0EE7101-821F-4207-A983-63701CA8C5B7}.Release|Any CPU.Build.0 = Release|Any CPU
	EndGlobalSection
	GlobalSection(SolutionProperties) = preSolution
		HideSolutionNode = FALSE
	EndGlobalSection
	GlobalSection(ExtensibilityGlobals) = postSolution
		SolutionGuid = {31A8AC8E-BB7F-4721-B375-D529459EEAB6}
	EndGlobalSection
EndGlobal
