
Microsoft Visual Studio Solution File, Format Version 12.00
# Visual Studio Version 17
VisualStudioVersion = 17.1.32210.238
MinimumVisualStudioVersion = 10.0.40219.1
Project("{FAE04EC0-301F-11D3-BF4B-00C04F79EFBC}") = "control2", "control2\control2.csproj", "{F315F40F-0261-4939-A295-80666ADED30F}"
EndProject
Project("{FAE04EC0-301F-11D3-BF4B-00C04F79EFBC}") = "QueueTest", "QueueTest\QueueTest.csproj", "{BD647080-D83E-4CBE-AD4C-C4AEF0DCF9FC}"
EndProject
Global
	GlobalSection(SolutionConfigurationPlatforms) = preSolution
		Debug|Any CPU = Debug|Any CPU
		Release|Any CPU = Release|Any CPU
	EndGlobalSection
	GlobalSection(ProjectConfigurationPlatforms) = postSolution
		{F315F40F-0261-4939-A295-80666ADED30F}.Debug|Any CPU.ActiveCfg = Debug|Any CPU
		{F315F40F-0261-4939-A295-80666ADED30F}.Debug|Any CPU.Build.0 = Debug|Any CPU
		{F315F40F-0261-4939-A295-80666ADED30F}.Release|Any CPU.ActiveCfg = Release|Any CPU
		{F315F40F-0261-4939-A295-80666ADED30F}.Release|Any CPU.Build.0 = Release|Any CPU
		{BD647080-D83E-4CBE-AD4C-C4AEF0DCF9FC}.Debug|Any CPU.ActiveCfg = Debug|Any CPU
		{BD647080-D83E-4CBE-AD4C-C4AEF0DCF9FC}.Debug|Any CPU.Build.0 = Debug|Any CPU
		{BD647080-D83E-4CBE-AD4C-C4AEF0DCF9FC}.Release|Any CPU.ActiveCfg = Release|Any CPU
		{BD647080-D83E-4CBE-AD4C-C4AEF0DCF9FC}.Release|Any CPU.Build.0 = Release|Any CPU
	EndGlobalSection
	GlobalSection(SolutionProperties) = preSolution
		HideSolutionNode = FALSE
	EndGlobalSection
	GlobalSection(ExtensibilityGlobals) = postSolution
		SolutionGuid = {E9AB9D86-0F7C-44B6-A3CA-7D5F9085E407}
	EndGlobalSection
EndGlobal
