
Microsoft Visual Studio Solution File, Format Version 12.00
# Visual Studio Version 17
VisualStudioVersion = 17.1.32210.238
MinimumVisualStudioVersion = 10.0.40219.1
Project("{9A19103F-16F7-4668-BE54-9A1E7A4F7556}") = "5.1", "5.1\5.1.csproj", "{40819EB9-92A2-404A-854D-F21F204A6F11}"
EndProject
Project("{9A19103F-16F7-4668-BE54-9A1E7A4F7556}") = "GraphTest", "GraphTest\GraphTest.csproj", "{F8A7D667-E70F-426D-96E5-679AAEC06260}"
EndProject
Project("{FAE04EC0-301F-11D3-BF4B-00C04F79EFBC}") = "RouterTopologyTest", "RouterTopologyTest\RouterTopologyTest.csproj", "{6F5B6433-5942-4CE4-A5A3-DB309BE541E3}"
EndProject
Global
	GlobalSection(SolutionConfigurationPlatforms) = preSolution
		Debug|Any CPU = Debug|Any CPU
		Release|Any CPU = Release|Any CPU
	EndGlobalSection
	GlobalSection(ProjectConfigurationPlatforms) = postSolution
		{40819EB9-92A2-404A-854D-F21F204A6F11}.Debug|Any CPU.ActiveCfg = Debug|Any CPU
		{40819EB9-92A2-404A-854D-F21F204A6F11}.Debug|Any CPU.Build.0 = Debug|Any CPU
		{40819EB9-92A2-404A-854D-F21F204A6F11}.Release|Any CPU.ActiveCfg = Release|Any CPU
		{40819EB9-92A2-404A-854D-F21F204A6F11}.Release|Any CPU.Build.0 = Release|Any CPU
		{F8A7D667-E70F-426D-96E5-679AAEC06260}.Debug|Any CPU.ActiveCfg = Debug|Any CPU
		{F8A7D667-E70F-426D-96E5-679AAEC06260}.Debug|Any CPU.Build.0 = Debug|Any CPU
		{F8A7D667-E70F-426D-96E5-679AAEC06260}.Release|Any CPU.ActiveCfg = Release|Any CPU
		{F8A7D667-E70F-426D-96E5-679AAEC06260}.Release|Any CPU.Build.0 = Release|Any CPU
		{6F5B6433-5942-4CE4-A5A3-DB309BE541E3}.Debug|Any CPU.ActiveCfg = Debug|Any CPU
		{6F5B6433-5942-4CE4-A5A3-DB309BE541E3}.Debug|Any CPU.Build.0 = Debug|Any CPU
		{6F5B6433-5942-4CE4-A5A3-DB309BE541E3}.Release|Any CPU.ActiveCfg = Release|Any CPU
		{6F5B6433-5942-4CE4-A5A3-DB309BE541E3}.Release|Any CPU.Build.0 = Release|Any CPU
	EndGlobalSection
	GlobalSection(SolutionProperties) = preSolution
		HideSolutionNode = FALSE
	EndGlobalSection
	GlobalSection(ExtensibilityGlobals) = postSolution
		SolutionGuid = {F47D596F-B64D-4BAD-90F6-7C3D9C4B0A7B}
	EndGlobalSection
EndGlobal
