
Microsoft Visual Studio Solution File, Format Version 12.00
# Visual Studio Version 17
VisualStudioVersion = 17.1.32210.238
MinimumVisualStudioVersion = 10.0.40219.1
Project("{9A19103F-16F7-4668-BE54-9A1E7A4F7556}") = "2.1", "2.1\2.1.csproj", "{C6D8F64B-DF01-4906-B501-FF7CB4C0A009}"
EndProject
Project("{9A19103F-16F7-4668-BE54-9A1E7A4F7556}") = "Stack.Test", "Stack.Test\Stack.Test.csproj", "{942A6BB0-9F37-4323-8596-F498584A58CD}"
EndProject
Project("{FAE04EC0-301F-11D3-BF4B-00C04F79EFBC}") = "StackCalculator.Test", "StackCalculator.Text\StackCalculator.Test.csproj", "{60A93615-C9B1-4F8A-B05C-41192C7E06C3}"
EndProject
Global
	GlobalSection(SolutionConfigurationPlatforms) = preSolution
		Debug|Any CPU = Debug|Any CPU
		Release|Any CPU = Release|Any CPU
	EndGlobalSection
	GlobalSection(ProjectConfigurationPlatforms) = postSolution
		{C6D8F64B-DF01-4906-B501-FF7CB4C0A009}.Debug|Any CPU.ActiveCfg = Debug|Any CPU
		{C6D8F64B-DF01-4906-B501-FF7CB4C0A009}.Debug|Any CPU.Build.0 = Debug|Any CPU
		{C6D8F64B-DF01-4906-B501-FF7CB4C0A009}.Release|Any CPU.ActiveCfg = Release|Any CPU
		{C6D8F64B-DF01-4906-B501-FF7CB4C0A009}.Release|Any CPU.Build.0 = Release|Any CPU
		{942A6BB0-9F37-4323-8596-F498584A58CD}.Debug|Any CPU.ActiveCfg = Debug|Any CPU
		{942A6BB0-9F37-4323-8596-F498584A58CD}.Debug|Any CPU.Build.0 = Debug|Any CPU
		{942A6BB0-9F37-4323-8596-F498584A58CD}.Release|Any CPU.ActiveCfg = Release|Any CPU
		{942A6BB0-9F37-4323-8596-F498584A58CD}.Release|Any CPU.Build.0 = Release|Any CPU
		{60A93615-C9B1-4F8A-B05C-41192C7E06C3}.Debug|Any CPU.ActiveCfg = Debug|Any CPU
		{60A93615-C9B1-4F8A-B05C-41192C7E06C3}.Debug|Any CPU.Build.0 = Debug|Any CPU
		{60A93615-C9B1-4F8A-B05C-41192C7E06C3}.Release|Any CPU.ActiveCfg = Release|Any CPU
		{60A93615-C9B1-4F8A-B05C-41192C7E06C3}.Release|Any CPU.Build.0 = Release|Any CPU
	EndGlobalSection
	GlobalSection(SolutionProperties) = preSolution
		HideSolutionNode = FALSE
	EndGlobalSection
	GlobalSection(ExtensibilityGlobals) = postSolution
		SolutionGuid = {089B35FE-49EB-4CC5-84C7-08B6D0C8A519}
	EndGlobalSection
EndGlobal
