
Microsoft Visual Studio Solution File, Format Version 12.00
# Visual Studio Version 17
VisualStudioVersion = 17.1.32210.238
MinimumVisualStudioVersion = 10.0.40219.1
Project("{FAE04EC0-301F-11D3-BF4B-00C04F79EFBC}") = "3.2", "3.2\3.2.csproj", "{064DD706-9D2F-45A2-AD98-2E11D4FBE253}"
EndProject
Project("{9A19103F-16F7-4668-BE54-9A1E7A4F7556}") = "2.2", "..\..\homework2\2.2\2.2\2.2.csproj", "{15E78C67-DE9F-48A7-8E68-CDBDD220C364}"
EndProject
Global
	GlobalSection(SolutionConfigurationPlatforms) = preSolution
		Debug|Any CPU = Debug|Any CPU
		Release|Any CPU = Release|Any CPU
	EndGlobalSection
	GlobalSection(ProjectConfigurationPlatforms) = postSolution
		{064DD706-9D2F-45A2-AD98-2E11D4FBE253}.Debug|Any CPU.ActiveCfg = Debug|Any CPU
		{064DD706-9D2F-45A2-AD98-2E11D4FBE253}.Debug|Any CPU.Build.0 = Debug|Any CPU
		{064DD706-9D2F-45A2-AD98-2E11D4FBE253}.Release|Any CPU.ActiveCfg = Release|Any CPU
		{064DD706-9D2F-45A2-AD98-2E11D4FBE253}.Release|Any CPU.Build.0 = Release|Any CPU
		{15E78C67-DE9F-48A7-8E68-CDBDD220C364}.Debug|Any CPU.ActiveCfg = Debug|Any CPU
		{15E78C67-DE9F-48A7-8E68-CDBDD220C364}.Debug|Any CPU.Build.0 = Debug|Any CPU
		{15E78C67-DE9F-48A7-8E68-CDBDD220C364}.Release|Any CPU.ActiveCfg = Release|Any CPU
		{15E78C67-DE9F-48A7-8E68-CDBDD220C364}.Release|Any CPU.Build.0 = Release|Any CPU
	EndGlobalSection
	GlobalSection(SolutionProperties) = preSolution
		HideSolutionNode = FALSE
	EndGlobalSection
	GlobalSection(ExtensibilityGlobals) = postSolution
		SolutionGuid = {AF203C1F-F6BF-4249-86F3-1890E46E7277}
	EndGlobalSection
EndGlobal
